{
    "name": "cbus",
    "version": "1.0.0",
    "lockfileVersion": 1,
    "requires": true,
    "dependencies": {
        "@types/node": {
            "version": "7.10.11",
            "resolved": "https://registry.npmjs.org/@types/node/-/node-7.10.11.tgz",
            "integrity": "sha512-uEqP1HlJFhsgD8DOBFdC72/5selvor0mzdQY97zlyo8Q6qPl849cFBWkNpgTXw3jIvb7iNyWsId51/A8HYKzbQ==",
            "dev": true
        },
        "node-addon-api": {
            "version": "1.7.2",
            "resolved": "https://registry.npmjs.org/node-addon-api/-/node-addon-api-1.7.2.tgz",
            "integrity": "sha512-ibPK3iA+vaY1eEjESkQkM0BbCqFOaZMiXRTtdB0u7b4djtY6JnsjvPdUHVMg6xQt3B8fpTTWHI9A+ADjM9frzg=="
        },
        "typescript": {
            "version": "2.9.2",
            "resolved": "https://registry.npmjs.org/typescript/-/typescript-2.9.2.tgz",
            "integrity": "sha512-Gr4p6nFNaoufRIY4NMdpQRNmgxVIGMs4Fcu/ujdYk3nAZqk7supzBE9idmvfZIlH/Cuj//dvi+019qEue9lV0w==",
            "dev": true
        }
    }
}
